// !$*UTF8*$!
{
	archiveVersion = 1;
	classes = {
	};
	objectVersion = 50;
	objects = {

/* Begin PBXBuildFile section */
		EF3F148522428337004AC261 /* AppDelegate.swift in Sources */ = {isa = PBXBuildFile; fileRef = EF3F148422428337004AC261 /* AppDelegate.swift */; };
		EF3F148722428337004AC261 /* Scene.sks in Resources */ = {isa = PBXBuildFile; fileRef = EF3F148622428337004AC261 /* Scene.sks */; };
		EF3F148922428337004AC261 /* Scene.swift in Sources */ = {isa = PBXBuildFile; fileRef = EF3F148822428337004AC261 /* Scene.swift */; };
		EF3F148B22428337004AC261 /* ViewController.swift in Sources */ = {isa = PBXBuildFile; fileRef = EF3F148A22428337004AC261 /* ViewController.swift */; };
		EF3F148E22428337004AC261 /* Main.storyboard in Resources */ = {isa = PBXBuildFile; fileRef = EF3F148C22428337004AC261 /* Main.storyboard */; };
		EF3F149022428338004AC261 /* Assets.xcassets in Resources */ = {isa = PBXBuildFile; fileRef = EF3F148F22428338004AC261 /* Assets.xcassets */; };
		EF3F149322428338004AC261 /* LaunchScreen.storyboard in Resources */ = {isa = PBXBuildFile; fileRef = EF3F149122428338004AC261 /* LaunchScreen.storyboard */; };
		EF3F149E22428339004AC261 /* EmojiTestTests.swift in Sources */ = {isa = PBXBuildFile; fileRef = EF3F149D22428339004AC261 /* EmojiTestTests.swift */; };
		EF3F14A922428339004AC261 /* EmojiTestUITests.swift in Sources */ = {isa = PBXBuildFile; fileRef = EF3F14A822428339004AC261 /* EmojiTestUITests.swift */; };
		EF3F14B722429122004AC261 /* EmojiCollectionViewCell.swift in Sources */ = {isa = PBXBuildFile; fileRef = EF3F14B622429122004AC261 /* EmojiCollectionViewCell.swift */; };
/* End PBXBuildFile section */

/* Begin PBXContainerItemProxy section */
		EF3F149A22428339004AC261 /* PBXContainerItemProxy */ = {
			isa = PBXContainerItemProxy;
			containerPortal = EF3F147922428337004AC261 /* Project object */;
			proxyType = 1;
			remoteGlobalIDString = EF3F148022428337004AC261;
			remoteInfo = EmojiTest;
		};
		EF3F14A522428339004AC261 /* PBXContainerItemProxy */ = {
			isa = PBXContainerItemProxy;
			containerPortal = EF3F147922428337004AC261 /* Project object */;
			proxyType = 1;
			remoteGlobalIDString = EF3F148022428337004AC261;
			remoteInfo = EmojiTest;
		};
/* End PBXContainerItemProxy section */

/* Begin PBXFileReference section */
		EF3F148122428337004AC261 /* EmojiTest.app */ = {isa = PBXFileReference; explicitFileType = wrapper.application; includeInIndex = 0; path = EmojiTest.app; sourceTree = BUILT_PRODUCTS_DIR; };
		EF3F148422428337004AC261 /* AppDelegate.swift */ = {isa = PBXFileReference; lastKnownFileType = sourcecode.swift; path = AppDelegate.swift; sourceTree = "<group>"; };
		EF3F148622428337004AC261 /* Scene.sks */ = {isa = PBXFileReference; lastKnownFileType = file.sks; path = Scene.sks; sourceTree = "<group>"; };
		EF3F148822428337004AC261 /* Scene.swift */ = {isa = PBXFileReference; lastKnownFileType = sourcecode.swift; path = Scene.swift; sourceTree = "<group>"; };
		EF3F148A22428337004AC261 /* ViewController.swift */ = {isa = PBXFileReference; lastKnownFileType = sourcecode.swift; path = ViewController.swift; sourceTree = "<group>"; };
		EF3F148D22428337004AC261 /* Base */ = {isa = PBXFileReference; lastKnownFileType = file.storyboard; name = Base; path = Base.lproj/Main.storyboard; sourceTree = "<group>"; };
		EF3F148F22428338004AC261 /* Assets.xcassets */ = {isa = PBXFileReference; lastKnownFileType = folder.assetcatalog; path = Assets.xcassets; sourceTree = "<group>"; };
		EF3F149222428338004AC261 /* Base */ = {isa = PBXFileReference; lastKnownFileType = file.storyboard; name = Base; path = Base.lproj/LaunchScreen.storyboard; sourceTree = "<group>"; };
		EF3F149422428338004AC261 /* Info.plist */ = {isa = PBXFileReference; lastKnownFileType = text.plist.xml; path = Info.plist; sourceTree = "<group>"; };
		EF3F149922428339004AC261 /* EmojiTestTests.xctest */ = {isa = PBXFileReference; explicitFileType = wrapper.cfbundle; includeInIndex = 0; path = EmojiTestTests.xctest; sourceTree = BUILT_PRODUCTS_DIR; };
		EF3F149D22428339004AC261 /* EmojiTestTests.swift */ = {isa = PBXFileReference; lastKnownFileType = sourcecode.swift; path = EmojiTestTests.swift; sourceTree = "<group>"; };
		EF3F149F22428339004AC261 /* Info.plist */ = {isa = PBXFileReference; lastKnownFileType = text.plist.xml; path = Info.plist; sourceTree = "<group>"; };
		EF3F14A422428339004AC261 /* EmojiTestUITests.xctest */ = {isa = PBXFileReference; explicitFileType = wrapper.cfbundle; includeInIndex = 0; path = EmojiTestUITests.xctest; sourceTree = BUILT_PRODUCTS_DIR; };
		EF3F14A822428339004AC261 /* EmojiTestUITests.swift */ = {isa = PBXFileReference; lastKnownFileType = sourcecode.swift; path = EmojiTestUITests.swift; sourceTree = "<group>"; };
		EF3F14AA22428339004AC261 /* Info.plist */ = {isa = PBXFileReference; lastKnownFileType = text.plist.xml; path = Info.plist; sourceTree = "<group>"; };
		EF3F14B622429122004AC261 /* EmojiCollectionViewCell.swift */ = {isa = PBXFileReference; lastKnownFileType = sourcecode.swift; path = EmojiCollectionViewCell.swift; sourceTree = "<group>"; };
/* End PBXFileReference section */

/* Begin PBXFrameworksBuildPhase section */
		EF3F147E22428337004AC261 /* Frameworks */ = {
			isa = PBXFrameworksBuildPhase;
			buildActionMask = 2147483647;
			files = (
			);
			runOnlyForDeploymentPostprocessing = 0;
		};
		EF3F149622428339004AC261 /* Frameworks */ = {
			isa = PBXFrameworksBuildPhase;
			buildActionMask = 2147483647;
			files = (
			);
			runOnlyForDeploymentPostprocessing = 0;
		};
		EF3F14A122428339004AC261 /* Frameworks */ = {
			isa = PBXFrameworksBuildPhase;
			buildActionMask = 2147483647;
			files = (
			);
			runOnlyForDeploymentPostprocessing = 0;
		};
/* End PBXFrameworksBuildPhase section */

/* Begin PBXGroup section */
		EF3F147822428337004AC261 = {
			isa = PBXGroup;
			children = (
				EF3F148322428337004AC261 /* EmojiTest */,
				EF3F149C22428339004AC261 /* EmojiTestTests */,
				EF3F14A722428339004AC261 /* EmojiTestUITests */,
				EF3F148222428337004AC261 /* Products */,
			);
			sourceTree = "<group>";
		};
		EF3F148222428337004AC261 /* Products */ = {
			isa = PBXGroup;
			children = (
				EF3F148122428337004AC261 /* EmojiTest.app */,
				EF3F149922428339004AC261 /* EmojiTestTests.xctest */,
				EF3F14A422428339004AC261 /* EmojiTestUITests.xctest */,
			);
			name = Products;
			sourceTree = "<group>";
		};
		EF3F148322428337004AC261 /* EmojiTest */ = {
			isa = PBXGroup;
			children = (
				EF3F148422428337004AC261 /* AppDelegate.swift */,
				EF3F148622428337004AC261 /* Scene.sks */,
				EF3F148822428337004AC261 /* Scene.swift */,
				EF3F148A22428337004AC261 /* ViewController.swift */,
				EF3F14B622429122004AC261 /* EmojiCollectionViewCell.swift */,
				EF3F148C22428337004AC261 /* Main.storyboard */,
				EF3F148F22428338004AC261 /* Assets.xcassets */,
				EF3F149122428338004AC261 /* LaunchScreen.storyboard */,
				EF3F149422428338004AC261 /* Info.plist */,
			);
			path = EmojiTest;
			sourceTree = "<group>";
		};
		EF3F149C22428339004AC261 /* EmojiTestTests */ = {
			isa = PBXGroup;
			children = (
				EF3F149D22428339004AC261 /* EmojiTestTests.swift */,
				EF3F149F22428339004AC261 /* Info.plist */,
			);
			path = EmojiTestTests;
			sourceTree = "<group>";
		};
		EF3F14A722428339004AC261 /* EmojiTestUITests */ = {
			isa = PBXGroup;
			children = (
				EF3F14A822428339004AC261 /* EmojiTestUITests.swift */,
				EF3F14AA22428339004AC261 /* Info.plist */,
			);
			path = EmojiTestUITests;
			sourceTree = "<group>";
		};
/* End PBXGroup section */

/* Begin PBXNativeTarget section */
		EF3F148022428337004AC261 /* EmojiTest */ = {
			isa = PBXNativeTarget;
			buildConfigurationList = EF3F14AD22428339004AC261 /* Build configuration list for PBXNativeTarget "EmojiTest" */;
			buildPhases = (
				EF3F147D22428337004AC261 /* Sources */,
				EF3F147E22428337004AC261 /* Frameworks */,
				EF3F147F22428337004AC261 /* Resources */,
			);
			buildRules = (
			);
			dependencies = (
			);
			name = EmojiTest;
			productName = EmojiTest;
			productReference = EF3F148122428337004AC261 /* EmojiTest.app */;
			productType = "com.apple.product-type.application";
		};
		EF3F149822428339004AC261 /* EmojiTestTests */ = {
			isa = PBXNativeTarget;
			buildConfigurationList = EF3F14B022428339004AC261 /* Build configuration list for PBXNativeTarget "EmojiTestTests" */;
			buildPhases = (
				EF3F149522428339004AC261 /* Sources */,
				EF3F149622428339004AC261 /* Frameworks */,
				EF3F149722428339004AC261 /* Resources */,
			);
			buildRules = (
			);
			dependencies = (
				EF3F149B22428339004AC261 /* PBXTargetDependency */,
			);
			name = EmojiTestTests;
			productName = EmojiTestTests;
			productReference = EF3F149922428339004AC261 /* EmojiTestTests.xctest */;
			productType = "com.apple.product-type.bundle.unit-test";
		};
		EF3F14A322428339004AC261 /* EmojiTestUITests */ = {
			isa = PBXNativeTarget;
			buildConfigurationList = EF3F14B322428339004AC261 /* Build configuration list for PBXNativeTarget "EmojiTestUITests" */;
			buildPhases = (
				EF3F14A022428339004AC261 /* Sources */,
				EF3F14A122428339004AC261 /* Frameworks */,
				EF3F14A222428339004AC261 /* Resources */,
			);
			buildRules = (
			);
			dependencies = (
				EF3F14A622428339004AC261 /* PBXTargetDependency */,
			);
			name = EmojiTestUITests;
			productName = EmojiTestUITests;
			productReference = EF3F14A422428339004AC261 /* EmojiTestUITests.xctest */;
			productType = "com.apple.product-type.bundle.ui-testing";
		};
/* End PBXNativeTarget section */

/* Begin PBXProject section */
		EF3F147922428337004AC261 /* Project object */ = {
			isa = PBXProject;
			attributes = {
				LastSwiftUpdateCheck = 1010;
				LastUpgradeCheck = 1010;
				ORGANIZATIONNAME = "youngjun goo";
				TargetAttributes = {
					EF3F148022428337004AC261 = {
						CreatedOnToolsVersion = 10.1;
					};
					EF3F149822428339004AC261 = {
						CreatedOnToolsVersion = 10.1;
						TestTargetID = EF3F148022428337004AC261;
					};
					EF3F14A322428339004AC261 = {
						CreatedOnToolsVersion = 10.1;
						TestTargetID = EF3F148022428337004AC261;
					};
				};
			};
			buildConfigurationList = EF3F147C22428337004AC261 /* Build configuration list for PBXProject "EmojiTest" */;
			compatibilityVersion = "Xcode 9.3";
			developmentRegion = en;
			hasScannedForEncodings = 0;
			knownRegions = (
				en,
				Base,
			);
			mainGroup = EF3F147822428337004AC261;
			productRefGroup = EF3F148222428337004AC261 /* Products */;
			projectDirPath = "";
			projectRoot = "";
			targets = (
				EF3F148022428337004AC261 /* EmojiTest */,
				EF3F149822428339004AC261 /* EmojiTestTests */,
				EF3F14A322428339004AC261 /* EmojiTestUITests */,
			);
		};
/* End PBXProject section */

/* Begin PBXResourcesBuildPhase section */
		EF3F147F22428337004AC261 /* Resources */ = {
			isa = PBXResourcesBuildPhase;
			buildActionMask = 2147483647;
			files = (
				EF3F148722428337004AC261 /* Scene.sks in Resources */,
				EF3F149322428338004AC261 /* LaunchScreen.storyboard in Resources */,
				EF3F149022428338004AC261 /* Assets.xcassets in Resources */,
				EF3F148E22428337004AC261 /* Main.storyboard in Resources */,
			);
			runOnlyForDeploymentPostprocessing = 0;
		};
		EF3F149722428339004AC261 /* Resources */ = {
			isa = PBXResourcesBuildPhase;
			buildActionMask = 2147483647;
			files = (
			);
			runOnlyForDeploymentPostprocessing = 0;
		};
		EF3F14A222428339004AC261 /* Resources */ = {
			isa = PBXResourcesBuildPhase;
			buildActionMask = 2147483647;
			files = (
			);
			runOnlyForDeploymentPostprocessing = 0;
		};
/* End PBXResourcesBuildPhase section */

/* Begin PBXSourcesBuildPhase section */
		EF3F147D22428337004AC261 /* Sources */ = {
			isa = PBXSourcesBuildPhase;
			buildActionMask = 2147483647;
			files = (
				EF3F148B22428337004AC261 /* ViewController.swift in Sources */,
				EF3F148922428337004AC261 /* Scene.swift in Sources */,
				EF3F148522428337004AC261 /* AppDelegate.swift in Sources */,
				EF3F14B722429122004AC261 /* EmojiCollectionViewCell.swift in Sources */,
			);
			runOnlyForDeploymentPostprocessing = 0;
		};
		EF3F149522428339004AC261 /* Sources */ = {
			isa = PBXSourcesBuildPhase;
			buildActionMask = 2147483647;
			files = (
				EF3F149E22428339004AC261 /* EmojiTestTests.swift in Sources */,
			);
			runOnlyForDeploymentPostprocessing = 0;
		};
		EF3F14A022428339004AC261 /* Sources */ = {
			isa = PBXSourcesBuildPhase;
			buildActionMask = 2147483647;
			files = (
				EF3F14A922428339004AC261 /* EmojiTestUITests.swift in Sources */,
			);
			runOnlyForDeploymentPostprocessing = 0;
		};
/* End PBXSourcesBuildPhase section */

/* Begin PBXTargetDependency section */
		EF3F149B22428339004AC261 /* PBXTargetDependency */ = {
			isa = PBXTargetDependency;
			target = EF3F148022428337004AC261 /* EmojiTest */;
			targetProxy = EF3F149A22428339004AC261 /* PBXContainerItemProxy */;
		};
		EF3F14A622428339004AC261 /* PBXTargetDependency */ = {
			isa = PBXTargetDependency;
			target = EF3F148022428337004AC261 /* EmojiTest */;
			targetProxy = EF3F14A522428339004AC261 /* PBXContainerItemProxy */;
		};
/* End PBXTargetDependency section */

/* Begin PBXVariantGroup section */
		EF3F148C22428337004AC261 /* Main.storyboard */ = {
			isa = PBXVariantGroup;
			children = (
				EF3F148D22428337004AC261 /* Base */,
			);
			name = Main.storyboard;
			sourceTree = "<group>";
		};
		EF3F149122428338004AC261 /* LaunchScreen.storyboard */ = {
			isa = PBXVariantGroup;
			children = (
				EF3F149222428338004AC261 /* Base */,
			);
			name = LaunchScreen.storyboard;
			sourceTree = "<group>";
		};
/* End PBXVariantGroup section */

/* Begin XCBuildConfiguration section */
		EF3F14AB22428339004AC261 /* Debug */ = {
			isa = XCBuildConfiguration;
			buildSettings = {
				ALWAYS_SEARCH_USER_PATHS = NO;
				CLANG_ANALYZER_NONNULL = YES;
				CLANG_ANALYZER_NUMBER_OBJECT_CONVERSION = YES_AGGRESSIVE;
				CLANG_CXX_LANGUAGE_STANDARD = "gnu++14";
				CLANG_CXX_LIBRARY = "libc++";
				CLANG_ENABLE_MODULES = YES;
				CLANG_ENABLE_OBJC_ARC = YES;
				CLANG_ENABLE_OBJC_WEAK = YES;
				CLANG_WARN_BLOCK_CAPTURE_AUTORELEASING = YES;
				CLANG_WARN_BOOL_CONVERSION = YES;
				CLANG_WARN_COMMA = YES;
				CLANG_WARN_CONSTANT_CONVERSION = YES;
				CLANG_WARN_DEPRECATED_OBJC_IMPLEMENTATIONS = YES;
				CLANG_WARN_DIRECT_OBJC_ISA_USAGE = YES_ERROR;
				CLANG_WARN_DOCUMENTATION_COMMENTS = YES;
				CLANG_WARN_EMPTY_BODY = YES;
				CLANG_WARN_ENUM_CONVERSION = YES;
				CLANG_WARN_INFINITE_RECURSION = YES;
				CLANG_WARN_INT_CONVERSION = YES;
				CLANG_WARN_NON_LITERAL_NULL_CONVERSION = YES;
				CLANG_WARN_OBJC_IMPLICIT_RETAIN_SELF = YES;
				CLANG_WARN_OBJC_LITERAL_CONVERSION = YES;
				CLANG_WARN_OBJC_ROOT_CLASS = YES_ERROR;
				CLANG_WARN_RANGE_LOOP_ANALYSIS = YES;
				CLANG_WARN_STRICT_PROTOTYPES = YES;
				CLANG_WARN_SUSPICIOUS_MOVE = YES;
				CLANG_WARN_UNGUARDED_AVAILABILITY = YES_AGGRESSIVE;
				CLANG_WARN_UNREACHABLE_CODE = YES;
				CLANG_WARN__DUPLICATE_METHOD_MATCH = YES;
				CODE_SIGN_IDENTITY = "iPhone Developer";
				COPY_PHASE_STRIP = NO;
				DEBUG_INFORMATION_FORMAT = dwarf;
				ENABLE_STRICT_OBJC_MSGSEND = YES;
				ENABLE_TESTABILITY = YES;
				GCC_C_LANGUAGE_STANDARD = gnu11;
				GCC_DYNAMIC_NO_PIC = NO;
				GCC_NO_COMMON_BLOCKS = YES;
				GCC_OPTIMIZATION_LEVEL = 0;
				GCC_PREPROCESSOR_DEFINITIONS = (
					"DEBUG=1",
					"$(inherited)",
				);
				GCC_WARN_64_TO_32_BIT_CONVERSION = YES;
				GCC_WARN_ABOUT_RETURN_TYPE = YES_ERROR;
				GCC_WARN_UNDECLARED_SELECTOR = YES;
				GCC_WARN_UNINITIALIZED_AUTOS = YES_AGGRESSIVE;
				GCC_WARN_UNUSED_FUNCTION = YES;
				GCC_WARN_UNUSED_VARIABLE = YES;
				IPHONEOS_DEPLOYMENT_TARGET = 12.1;
				MTL_ENABLE_DEBUG_INFO = INCLUDE_SOURCE;
				MTL_FAST_MATH = YES;
				ONLY_ACTIVE_ARCH = YES;
				SDKROOT = iphoneos;
				SWIFT_ACTIVE_COMPILATION_CONDITIONS = DEBUG;
				SWIFT_OPTIMIZATION_LEVEL = "-Onone";
			};
			name = Debug;
		};
		EF3F14AC22428339004AC261 /* Release */ = {
			isa = XCBuildConfiguration;
			buildSettings = {
				ALWAYS_SEARCH_USER_PATHS = NO;
				CLANG_ANALYZER_NONNULL = YES;
				CLANG_ANALYZER_NUMBER_OBJECT_CONVERSION = YES_AGGRESSIVE;
				CLANG_CXX_LANGUAGE_STANDARD = "gnu++14";
				CLANG_CXX_LIBRARY = "libc++";
				CLANG_ENABLE_MODULES = YES;
				CLANG_ENABLE_OBJC_ARC = YES;
				CLANG_ENABLE_OBJC_WEAK = YES;
				CLANG_WARN_BLOCK_CAPTURE_AUTORELEASING = YES;
				CLANG_WARN_BOOL_CONVERSION = YES;
				CLANG_WARN_COMMA = YES;
				CLANG_WARN_CONSTANT_CONVERSION = YES;
				CLANG_WARN_DEPRECATED_OBJC_IMPLEMENTATIONS = YES;
				CLANG_WARN_DIRECT_OBJC_ISA_USAGE = YES_ERROR;
				CLANG_WARN_DOCUMENTATION_COMMENTS = YES;
				CLANG_WARN_EMPTY_BODY = YES;
				CLANG_WARN_ENUM_CONVERSION = YES;
				CLANG_WARN_INFINITE_RECURSION = YES;
				CLANG_WARN_INT_CONVERSION = YES;
				CLANG_WARN_NON_LITERAL_NULL_CONVERSION = YES;
				CLANG_WARN_OBJC_IMPLICIT_RETAIN_SELF = YES;
				CLANG_WARN_OBJC_LITERAL_CONVERSION = YES;
				CLANG_WARN_OBJC_ROOT_CLASS = YES_ERROR;
				CLANG_WARN_RANGE_LOOP_ANALYSIS = YES;
				CLANG_WARN_STRICT_PROTOTYPES = YES;
				CLANG_WARN_SUSPICIOUS_MOVE = YES;
				CLANG_WARN_UNGUARDED_AVAILABILITY = YES_AGGRESSIVE;
				CLANG_WARN_UNREACHABLE_CODE = YES;
				CLANG_WARN__DUPLICATE_METHOD_MATCH = YES;
				CODE_SIGN_IDENTITY = "iPhone Developer";
				COPY_PHASE_STRIP = NO;
				DEBUG_INFORMATION_FORMAT = "dwarf-with-dsym";
				ENABLE_NS_ASSERTIONS = NO;
				ENABLE_STRICT_OBJC_MSGSEND = YES;
				GCC_C_LANGUAGE_STANDARD = gnu11;
				GCC_NO_COMMON_BLOCKS = YES;
				GCC_WARN_64_TO_32_BIT_CONVERSION = YES;
				GCC_WARN_ABOUT_RETURN_TYPE = YES_ERROR;
				GCC_WARN_UNDECLARED_SELECTOR = YES;
				GCC_WARN_UNINITIALIZED_AUTOS = YES_AGGRESSIVE;
				GCC_WARN_UNUSED_FUNCTION = YES;
				GCC_WARN_UNUSED_VARIABLE = YES;
				IPHONEOS_DEPLOYMENT_TARGET = 12.1;
				MTL_ENABLE_DEBUG_INFO = NO;
				MTL_FAST_MATH = YES;
				SDKROOT = iphoneos;
				SWIFT_COMPILATION_MODE = wholemodule;
				SWIFT_OPTIMIZATION_LEVEL = "-O";
				VALIDATE_PRODUCT = YES;
			};
			name = Release;
		};
		EF3F14AE22428339004AC261 /* Debug */ = {
			isa = XCBuildConfiguration;
			buildSettings = {
				ASSETCATALOG_COMPILER_APPICON_NAME = AppIcon;
				CODE_SIGN_STYLE = Automatic;
				DEVELOPMENT_TEAM = 5CLQV3W6FV;
				INFOPLIST_FILE = EmojiTest/Info.plist;
				LD_RUNPATH_SEARCH_PATHS = (
					"$(inherited)",
					"@executable_path/Frameworks",
				);
				PRODUCT_BUNDLE_IDENTIFIER = net.youngjun.EmojiTest;
				PRODUCT_NAME = "$(TARGET_NAME)";
				SWIFT_VERSION = 4.2;
				TARGETED_DEVICE_FAMILY = "1,2";
			};
			name = Debug;
		};
		EF3F14AF22428339004AC261 /* Release */ = {
			isa = XCBuildConfiguration;
			buildSettings = {
				ASSETCATALOG_COMPILER_APPICON_NAME = AppIcon;
				CODE_SIGN_STYLE = Automatic;
				DEVELOPMENT_TEAM = 5CLQV3W6FV;
				INFOPLIST_FILE = EmojiTest/Info.plist;
				LD_RUNPATH_SEARCH_PATHS = (
					"$(inherited)",
					"@executable_path/Frameworks",
				);
				PRODUCT_BUNDLE_IDENTIFIER = net.youngjun.EmojiTest;
				PRODUCT_NAME = "$(TARGET_NAME)";
				SWIFT_VERSION = 4.2;
				TARGETED_DEVICE_FAMILY = "1,2";
			};
			name = Release;
		};
		EF3F14B122428339004AC261 /* Debug */ = {
			isa = XCBuildConfiguration;
			buildSettings = {
				ALWAYS_EMBED_SWIFT_STANDARD_LIBRARIES = YES;
				BUNDLE_LOADER = "$(TEST_HOST)";
				CODE_SIGN_STYLE = Automatic;
				DEVELOPMENT_TEAM = 5CLQV3W6FV;
				INFOPLIST_FILE = EmojiTestTests/Info.plist;
				LD_RUNPATH_SEARCH_PATHS = (
					"$(inherited)",
					"@executable_path/Frameworks",
					"@loader_path/Frameworks",
				);
				PRODUCT_BUNDLE_IDENTIFIER = net.youngjun.EmojiTestTests;
				PRODUCT_NAME = "$(TARGET_NAME)";
				SWIFT_VERSION = 4.2;
				TARGETED_DEVICE_FAMILY = "1,2";
				TEST_HOST = "$(BUILT_PRODUCTS_DIR)/EmojiTest.app/EmojiTest";
			};
			name = Debug;
		};
		EF3F14B222428339004AC261 /* Release */ = {
			isa = XCBuildConfiguration;
			buildSettings = {
				ALWAYS_EMBED_SWIFT_STANDARD_LIBRARIES = YES;
				BUNDLE_LOADER = "$(TEST_HOST)";
				CODE_SIGN_STYLE = Automatic;
				DEVELOPMENT_TEAM = 5CLQV3W6FV;
				INFOPLIST_FILE = EmojiTestTests/Info.plist;
				LD_RUNPATH_SEARCH_PATHS = (
					"$(inherited)",
					"@executable_path/Frameworks",
					"@loader_path/Frameworks",
				);
				PRODUCT_BUNDLE_IDENTIFIER = net.youngjun.EmojiTestTests;
				PRODUCT_NAME = "$(TARGET_NAME)";
				SWIFT_VERSION = 4.2;
				TARGETED_DEVICE_FAMILY = "1,2";
				TEST_HOST = "$(BUILT_PRODUCTS_DIR)/EmojiTest.app/EmojiTest";
			};
			name = Release;
		};
		EF3F14B422428339004AC261 /* Debug */ = {
			isa = XCBuildConfiguration;
			buildSettings = {
				ALWAYS_EMBED_SWIFT_STANDARD_LIBRARIES = YES;
				CODE_SIGN_STYLE = Automatic;
				DEVELOPMENT_TEAM = 5CLQV3W6FV;
				INFOPLIST_FILE = EmojiTestUITests/Info.plist;
				LD_RUNPATH_SEARCH_PATHS = (
					"$(inherited)",
					"@executable_path/Frameworks",
					"@loader_path/Frameworks",
				);
				PRODUCT_BUNDLE_IDENTIFIER = net.youngjun.EmojiTestUITests;
				PRODUCT_NAME = "$(TARGET_NAME)";
				SWIFT_VERSION = 4.2;
				TARGETED_DEVICE_FAMILY = "1,2";
				TEST_TARGET_NAME = EmojiTest;
			};
			name = Debug;
		};
		EF3F14B522428339004AC261 /* Release */ = {
			isa = XCBuildConfiguration;
			buildSettings = {
				ALWAYS_EMBED_SWIFT_STANDARD_LIBRARIES = YES;
				CODE_SIGN_STYLE = Automatic;
				DEVELOPMENT_TEAM = 5CLQV3W6FV;
				INFOPLIST_FILE = EmojiTestUITests/Info.plist;
				LD_RUNPATH_SEARCH_PATHS = (
					"$(inherited)",
					"@executable_path/Frameworks",
					"@loader_path/Frameworks",
				);
				PRODUCT_BUNDLE_IDENTIFIER = net.youngjun.EmojiTestUITests;
				PRODUCT_NAME = "$(TARGET_NAME)";
				SWIFT_VERSION = 4.2;
				TARGETED_DEVICE_FAMILY = "1,2";
				TEST_TARGET_NAME = EmojiTest;
			};
			name = Release;
		};
/* End XCBuildConfiguration section */

/* Begin XCConfigurationList section */
		EF3F147C22428337004AC261 /* Build configuration list for PBXProject "EmojiTest" */ = {
			isa = XCConfigurationList;
			buildConfigurations = (
				EF3F14AB22428339004AC261 /* Debug */,
				EF3F14AC22428339004AC261 /* Release */,
			);
			defaultConfigurationIsVisible = 0;
			defaultConfigurationName = Release;
		};
		EF3F14AD22428339004AC261 /* Build configuration list for PBXNativeTarget "EmojiTest" */ = {
			isa = XCConfigurationList;
			buildConfigurations = (
				EF3F14AE22428339004AC261 /* Debug */,
				EF3F14AF22428339004AC261 /* Release */,
			);
			defaultConfigurationIsVisible = 0;
			defaultConfigurationName = Release;
		};
		EF3F14B022428339004AC261 /* Build configuration list for PBXNativeTarget "EmojiTestTests" */ = {
			isa = XCConfigurationList;
			buildConfigurations = (
				EF3F14B122428339004AC261 /* Debug */,
				EF3F14B222428339004AC261 /* Release */,
			);
			defaultConfigurationIsVisible = 0;
			defaultConfigurationName = Release;
		};
		EF3F14B322428339004AC261 /* Build configuration list for PBXNativeTarget "EmojiTestUITests" */ = {
			isa = XCConfigurationList;
			buildConfigurations = (
				EF3F14B422428339004AC261 /* Debug */,
				EF3F14B522428339004AC261 /* Release */,
			);
			defaultConfigurationIsVisible = 0;
			defaultConfigurationName = Release;
		};
/* End XCConfigurationList section */
	};
	rootObject = EF3F147922428337004AC261 /* Project object */;
}
