// !$*UTF8*$!
{
	archiveVersion = 1;
	classes = {
	};
	objectVersion = 50;
	objects = {

/* Begin PBXBuildFile section */
		EF1FC6E32199A78B00A0F24F /* AppDelegate.swift in Sources */ = {isa = PBXBuildFile; fileRef = EF1FC6E22199A78B00A0F24F /* AppDelegate.swift */; };
		EF1FC6E52199A78B00A0F24F /* art.scnassets in Resources */ = {isa = PBXBuildFile; fileRef = EF1FC6E42199A78B00A0F24F /* art.scnassets */; };
		EF1FC6E72199A78B00A0F24F /* ViewController.swift in Sources */ = {isa = PBXBuildFile; fileRef = EF1FC6E62199A78B00A0F24F /* ViewController.swift */; };
		EF1FC6EA2199A78B00A0F24F /* Main.storyboard in Resources */ = {isa = PBXBuildFile; fileRef = EF1FC6E82199A78B00A0F24F /* Main.storyboard */; };
		EF1FC6EC2199A78C00A0F24F /* Assets.xcassets in Resources */ = {isa = PBXBuildFile; fileRef = EF1FC6EB2199A78C00A0F24F /* Assets.xcassets */; };
		EF1FC6EF2199A78C00A0F24F /* LaunchScreen.storyboard in Resources */ = {isa = PBXBuildFile; fileRef = EF1FC6ED2199A78C00A0F24F /* LaunchScreen.storyboard */; };
		EF1FC6FA2199A78D00A0F24F /* ImageDetectionTests.swift in Sources */ = {isa = PBXBuildFile; fileRef = EF1FC6F92199A78D00A0F24F /* ImageDetectionTests.swift */; };
		EF1FC7052199A78D00A0F24F /* ImageDetectionUITests.swift in Sources */ = {isa = PBXBuildFile; fileRef = EF1FC7042199A78D00A0F24F /* ImageDetectionUITests.swift */; };
/* End PBXBuildFile section */

/* Begin PBXContainerItemProxy section */
		EF1FC6F62199A78D00A0F24F /* PBXContainerItemProxy */ = {
			isa = PBXContainerItemProxy;
			containerPortal = EF1FC6D72199A78B00A0F24F /* Project object */;
			proxyType = 1;
			remoteGlobalIDString = EF1FC6DE2199A78B00A0F24F;
			remoteInfo = ImageDetection;
		};
		EF1FC7012199A78D00A0F24F /* PBXContainerItemProxy */ = {
			isa = PBXContainerItemProxy;
			containerPortal = EF1FC6D72199A78B00A0F24F /* Project object */;
			proxyType = 1;
			remoteGlobalIDString = EF1FC6DE2199A78B00A0F24F;
			remoteInfo = ImageDetection;
		};
/* End PBXContainerItemProxy section */

/* Begin PBXFileReference section */
		EF1FC6DF2199A78B00A0F24F /* ImageDetection.app */ = {isa = PBXFileReference; explicitFileType = wrapper.application; includeInIndex = 0; path = ImageDetection.app; sourceTree = BUILT_PRODUCTS_DIR; };
		EF1FC6E22199A78B00A0F24F /* AppDelegate.swift */ = {isa = PBXFileReference; lastKnownFileType = sourcecode.swift; path = AppDelegate.swift; sourceTree = "<group>"; };
		EF1FC6E42199A78B00A0F24F /* art.scnassets */ = {isa = PBXFileReference; lastKnownFileType = wrapper.scnassets; path = art.scnassets; sourceTree = "<group>"; };
		EF1FC6E62199A78B00A0F24F /* ViewController.swift */ = {isa = PBXFileReference; lastKnownFileType = sourcecode.swift; path = ViewController.swift; sourceTree = "<group>"; };
		EF1FC6E92199A78B00A0F24F /* Base */ = {isa = PBXFileReference; lastKnownFileType = file.storyboard; name = Base; path = Base.lproj/Main.storyboard; sourceTree = "<group>"; };
		EF1FC6EB2199A78C00A0F24F /* Assets.xcassets */ = {isa = PBXFileReference; lastKnownFileType = folder.assetcatalog; path = Assets.xcassets; sourceTree = "<group>"; };
		EF1FC6EE2199A78C00A0F24F /* Base */ = {isa = PBXFileReference; lastKnownFileType = file.storyboard; name = Base; path = Base.lproj/LaunchScreen.storyboard; sourceTree = "<group>"; };
		EF1FC6F02199A78C00A0F24F /* Info.plist */ = {isa = PBXFileReference; lastKnownFileType = text.plist.xml; path = Info.plist; sourceTree = "<group>"; };
		EF1FC6F52199A78D00A0F24F /* ImageDetectionTests.xctest */ = {isa = PBXFileReference; explicitFileType = wrapper.cfbundle; includeInIndex = 0; path = ImageDetectionTests.xctest; sourceTree = BUILT_PRODUCTS_DIR; };
		EF1FC6F92199A78D00A0F24F /* ImageDetectionTests.swift */ = {isa = PBXFileReference; lastKnownFileType = sourcecode.swift; path = ImageDetectionTests.swift; sourceTree = "<group>"; };
		EF1FC6FB2199A78D00A0F24F /* Info.plist */ = {isa = PBXFileReference; lastKnownFileType = text.plist.xml; path = Info.plist; sourceTree = "<group>"; };
		EF1FC7002199A78D00A0F24F /* ImageDetectionUITests.xctest */ = {isa = PBXFileReference; explicitFileType = wrapper.cfbundle; includeInIndex = 0; path = ImageDetectionUITests.xctest; sourceTree = BUILT_PRODUCTS_DIR; };
		EF1FC7042199A78D00A0F24F /* ImageDetectionUITests.swift */ = {isa = PBXFileReference; lastKnownFileType = sourcecode.swift; path = ImageDetectionUITests.swift; sourceTree = "<group>"; };
		EF1FC7062199A78D00A0F24F /* Info.plist */ = {isa = PBXFileReference; lastKnownFileType = text.plist.xml; path = Info.plist; sourceTree = "<group>"; };
/* End PBXFileReference section */

/* Begin PBXFrameworksBuildPhase section */
		EF1FC6DC2199A78B00A0F24F /* Frameworks */ = {
			isa = PBXFrameworksBuildPhase;
			buildActionMask = 2147483647;
			files = (
			);
			runOnlyForDeploymentPostprocessing = 0;
		};
		EF1FC6F22199A78D00A0F24F /* Frameworks */ = {
			isa = PBXFrameworksBuildPhase;
			buildActionMask = 2147483647;
			files = (
			);
			runOnlyForDeploymentPostprocessing = 0;
		};
		EF1FC6FD2199A78D00A0F24F /* Frameworks */ = {
			isa = PBXFrameworksBuildPhase;
			buildActionMask = 2147483647;
			files = (
			);
			runOnlyForDeploymentPostprocessing = 0;
		};
/* End PBXFrameworksBuildPhase section */

/* Begin PBXGroup section */
		EF1FC6D62199A78B00A0F24F = {
			isa = PBXGroup;
			children = (
				EF1FC6E12199A78B00A0F24F /* ImageDetection */,
				EF1FC6F82199A78D00A0F24F /* ImageDetectionTests */,
				EF1FC7032199A78D00A0F24F /* ImageDetectionUITests */,
				EF1FC6E02199A78B00A0F24F /* Products */,
			);
			sourceTree = "<group>";
		};
		EF1FC6E02199A78B00A0F24F /* Products */ = {
			isa = PBXGroup;
			children = (
				EF1FC6DF2199A78B00A0F24F /* ImageDetection.app */,
				EF1FC6F52199A78D00A0F24F /* ImageDetectionTests.xctest */,
				EF1FC7002199A78D00A0F24F /* ImageDetectionUITests.xctest */,
			);
			name = Products;
			sourceTree = "<group>";
		};
		EF1FC6E12199A78B00A0F24F /* ImageDetection */ = {
			isa = PBXGroup;
			children = (
				EF1FC6E22199A78B00A0F24F /* AppDelegate.swift */,
				EF1FC6E42199A78B00A0F24F /* art.scnassets */,
				EF1FC6E62199A78B00A0F24F /* ViewController.swift */,
				EF1FC6E82199A78B00A0F24F /* Main.storyboard */,
				EF1FC6EB2199A78C00A0F24F /* Assets.xcassets */,
				EF1FC6ED2199A78C00A0F24F /* LaunchScreen.storyboard */,
				EF1FC6F02199A78C00A0F24F /* Info.plist */,
			);
			path = ImageDetection;
			sourceTree = "<group>";
		};
		EF1FC6F82199A78D00A0F24F /* ImageDetectionTests */ = {
			isa = PBXGroup;
			children = (
				EF1FC6F92199A78D00A0F24F /* ImageDetectionTests.swift */,
				EF1FC6FB2199A78D00A0F24F /* Info.plist */,
			);
			path = ImageDetectionTests;
			sourceTree = "<group>";
		};
		EF1FC7032199A78D00A0F24F /* ImageDetectionUITests */ = {
			isa = PBXGroup;
			children = (
				EF1FC7042199A78D00A0F24F /* ImageDetectionUITests.swift */,
				EF1FC7062199A78D00A0F24F /* Info.plist */,
			);
			path = ImageDetectionUITests;
			sourceTree = "<group>";
		};
/* End PBXGroup section */

/* Begin PBXNativeTarget section */
		EF1FC6DE2199A78B00A0F24F /* ImageDetection */ = {
			isa = PBXNativeTarget;
			buildConfigurationList = EF1FC7092199A78D00A0F24F /* Build configuration list for PBXNativeTarget "ImageDetection" */;
			buildPhases = (
				EF1FC6DB2199A78B00A0F24F /* Sources */,
				EF1FC6DC2199A78B00A0F24F /* Frameworks */,
				EF1FC6DD2199A78B00A0F24F /* Resources */,
			);
			buildRules = (
			);
			dependencies = (
			);
			name = ImageDetection;
			productName = ImageDetection;
			productReference = EF1FC6DF2199A78B00A0F24F /* ImageDetection.app */;
			productType = "com.apple.product-type.application";
		};
		EF1FC6F42199A78D00A0F24F /* ImageDetectionTests */ = {
			isa = PBXNativeTarget;
			buildConfigurationList = EF1FC70C2199A78D00A0F24F /* Build configuration list for PBXNativeTarget "ImageDetectionTests" */;
			buildPhases = (
				EF1FC6F12199A78D00A0F24F /* Sources */,
				EF1FC6F22199A78D00A0F24F /* Frameworks */,
				EF1FC6F32199A78D00A0F24F /* Resources */,
			);
			buildRules = (
			);
			dependencies = (
				EF1FC6F72199A78D00A0F24F /* PBXTargetDependency */,
			);
			name = ImageDetectionTests;
			productName = ImageDetectionTests;
			productReference = EF1FC6F52199A78D00A0F24F /* ImageDetectionTests.xctest */;
			productType = "com.apple.product-type.bundle.unit-test";
		};
		EF1FC6FF2199A78D00A0F24F /* ImageDetectionUITests */ = {
			isa = PBXNativeTarget;
			buildConfigurationList = EF1FC70F2199A78D00A0F24F /* Build configuration list for PBXNativeTarget "ImageDetectionUITests" */;
			buildPhases = (
				EF1FC6FC2199A78D00A0F24F /* Sources */,
				EF1FC6FD2199A78D00A0F24F /* Frameworks */,
				EF1FC6FE2199A78D00A0F24F /* Resources */,
			);
			buildRules = (
			);
			dependencies = (
				EF1FC7022199A78D00A0F24F /* PBXTargetDependency */,
			);
			name = ImageDetectionUITests;
			productName = ImageDetectionUITests;
			productReference = EF1FC7002199A78D00A0F24F /* ImageDetectionUITests.xctest */;
			productType = "com.apple.product-type.bundle.ui-testing";
		};
/* End PBXNativeTarget section */

/* Begin PBXProject section */
		EF1FC6D72199A78B00A0F24F /* Project object */ = {
			isa = PBXProject;
			attributes = {
				LastSwiftUpdateCheck = 1010;
				LastUpgradeCheck = 1010;
				ORGANIZATIONNAME = "youngjun goo";
				TargetAttributes = {
					EF1FC6DE2199A78B00A0F24F = {
						CreatedOnToolsVersion = 10.1;
					};
					EF1FC6F42199A78D00A0F24F = {
						CreatedOnToolsVersion = 10.1;
						TestTargetID = EF1FC6DE2199A78B00A0F24F;
					};
					EF1FC6FF2199A78D00A0F24F = {
						CreatedOnToolsVersion = 10.1;
						TestTargetID = EF1FC6DE2199A78B00A0F24F;
					};
				};
			};
			buildConfigurationList = EF1FC6DA2199A78B00A0F24F /* Build configuration list for PBXProject "ImageDetection" */;
			compatibilityVersion = "Xcode 9.3";
			developmentRegion = en;
			hasScannedForEncodings = 0;
			knownRegions = (
				en,
				Base,
			);
			mainGroup = EF1FC6D62199A78B00A0F24F;
			productRefGroup = EF1FC6E02199A78B00A0F24F /* Products */;
			projectDirPath = "";
			projectRoot = "";
			targets = (
				EF1FC6DE2199A78B00A0F24F /* ImageDetection */,
				EF1FC6F42199A78D00A0F24F /* ImageDetectionTests */,
				EF1FC6FF2199A78D00A0F24F /* ImageDetectionUITests */,
			);
		};
/* End PBXProject section */

/* Begin PBXResourcesBuildPhase section */
		EF1FC6DD2199A78B00A0F24F /* Resources */ = {
			isa = PBXResourcesBuildPhase;
			buildActionMask = 2147483647;
			files = (
				EF1FC6E52199A78B00A0F24F /* art.scnassets in Resources */,
				EF1FC6EF2199A78C00A0F24F /* LaunchScreen.storyboard in Resources */,
				EF1FC6EC2199A78C00A0F24F /* Assets.xcassets in Resources */,
				EF1FC6EA2199A78B00A0F24F /* Main.storyboard in Resources */,
			);
			runOnlyForDeploymentPostprocessing = 0;
		};
		EF1FC6F32199A78D00A0F24F /* Resources */ = {
			isa = PBXResourcesBuildPhase;
			buildActionMask = 2147483647;
			files = (
			);
			runOnlyForDeploymentPostprocessing = 0;
		};
		EF1FC6FE2199A78D00A0F24F /* Resources */ = {
			isa = PBXResourcesBuildPhase;
			buildActionMask = 2147483647;
			files = (
			);
			runOnlyForDeploymentPostprocessing = 0;
		};
/* End PBXResourcesBuildPhase section */

/* Begin PBXSourcesBuildPhase section */
		EF1FC6DB2199A78B00A0F24F /* Sources */ = {
			isa = PBXSourcesBuildPhase;
			buildActionMask = 2147483647;
			files = (
				EF1FC6E72199A78B00A0F24F /* ViewController.swift in Sources */,
				EF1FC6E32199A78B00A0F24F /* AppDelegate.swift in Sources */,
			);
			runOnlyForDeploymentPostprocessing = 0;
		};
		EF1FC6F12199A78D00A0F24F /* Sources */ = {
			isa = PBXSourcesBuildPhase;
			buildActionMask = 2147483647;
			files = (
				EF1FC6FA2199A78D00A0F24F /* ImageDetectionTests.swift in Sources */,
			);
			runOnlyForDeploymentPostprocessing = 0;
		};
		EF1FC6FC2199A78D00A0F24F /* Sources */ = {
			isa = PBXSourcesBuildPhase;
			buildActionMask = 2147483647;
			files = (
				EF1FC7052199A78D00A0F24F /* ImageDetectionUITests.swift in Sources */,
			);
			runOnlyForDeploymentPostprocessing = 0;
		};
/* End PBXSourcesBuildPhase section */

/* Begin PBXTargetDependency section */
		EF1FC6F72199A78D00A0F24F /* PBXTargetDependency */ = {
			isa = PBXTargetDependency;
			target = EF1FC6DE2199A78B00A0F24F /* ImageDetection */;
			targetProxy = EF1FC6F62199A78D00A0F24F /* PBXContainerItemProxy */;
		};
		EF1FC7022199A78D00A0F24F /* PBXTargetDependency */ = {
			isa = PBXTargetDependency;
			target = EF1FC6DE2199A78B00A0F24F /* ImageDetection */;
			targetProxy = EF1FC7012199A78D00A0F24F /* PBXContainerItemProxy */;
		};
/* End PBXTargetDependency section */

/* Begin PBXVariantGroup section */
		EF1FC6E82199A78B00A0F24F /* Main.storyboard */ = {
			isa = PBXVariantGroup;
			children = (
				EF1FC6E92199A78B00A0F24F /* Base */,
			);
			name = Main.storyboard;
			sourceTree = "<group>";
		};
		EF1FC6ED2199A78C00A0F24F /* LaunchScreen.storyboard */ = {
			isa = PBXVariantGroup;
			children = (
				EF1FC6EE2199A78C00A0F24F /* Base */,
			);
			name = LaunchScreen.storyboard;
			sourceTree = "<group>";
		};
/* End PBXVariantGroup section */

/* Begin XCBuildConfiguration section */
		EF1FC7072199A78D00A0F24F /* Debug */ = {
			isa = XCBuildConfiguration;
			buildSettings = {
				ALWAYS_SEARCH_USER_PATHS = NO;
				CLANG_ANALYZER_NONNULL = YES;
				CLANG_ANALYZER_NUMBER_OBJECT_CONVERSION = YES_AGGRESSIVE;
				CLANG_CXX_LANGUAGE_STANDARD = "gnu++14";
				CLANG_CXX_LIBRARY = "libc++";
				CLANG_ENABLE_MODULES = YES;
				CLANG_ENABLE_OBJC_ARC = YES;
				CLANG_ENABLE_OBJC_WEAK = YES;
				CLANG_WARN_BLOCK_CAPTURE_AUTORELEASING = YES;
				CLANG_WARN_BOOL_CONVERSION = YES;
				CLANG_WARN_COMMA = YES;
				CLANG_WARN_CONSTANT_CONVERSION = YES;
				CLANG_WARN_DEPRECATED_OBJC_IMPLEMENTATIONS = YES;
				CLANG_WARN_DIRECT_OBJC_ISA_USAGE = YES_ERROR;
				CLANG_WARN_DOCUMENTATION_COMMENTS = YES;
				CLANG_WARN_EMPTY_BODY = YES;
				CLANG_WARN_ENUM_CONVERSION = YES;
				CLANG_WARN_INFINITE_RECURSION = YES;
				CLANG_WARN_INT_CONVERSION = YES;
				CLANG_WARN_NON_LITERAL_NULL_CONVERSION = YES;
				CLANG_WARN_OBJC_IMPLICIT_RETAIN_SELF = YES;
				CLANG_WARN_OBJC_LITERAL_CONVERSION = YES;
				CLANG_WARN_OBJC_ROOT_CLASS = YES_ERROR;
				CLANG_WARN_RANGE_LOOP_ANALYSIS = YES;
				CLANG_WARN_STRICT_PROTOTYPES = YES;
				CLANG_WARN_SUSPICIOUS_MOVE = YES;
				CLANG_WARN_UNGUARDED_AVAILABILITY = YES_AGGRESSIVE;
				CLANG_WARN_UNREACHABLE_CODE = YES;
				CLANG_WARN__DUPLICATE_METHOD_MATCH = YES;
				CODE_SIGN_IDENTITY = "iPhone Developer";
				COPY_PHASE_STRIP = NO;
				DEBUG_INFORMATION_FORMAT = dwarf;
				ENABLE_STRICT_OBJC_MSGSEND = YES;
				ENABLE_TESTABILITY = YES;
				GCC_C_LANGUAGE_STANDARD = gnu11;
				GCC_DYNAMIC_NO_PIC = NO;
				GCC_NO_COMMON_BLOCKS = YES;
				GCC_OPTIMIZATION_LEVEL = 0;
				GCC_PREPROCESSOR_DEFINITIONS = (
					"DEBUG=1",
					"$(inherited)",
				);
				GCC_WARN_64_TO_32_BIT_CONVERSION = YES;
				GCC_WARN_ABOUT_RETURN_TYPE = YES_ERROR;
				GCC_WARN_UNDECLARED_SELECTOR = YES;
				GCC_WARN_UNINITIALIZED_AUTOS = YES_AGGRESSIVE;
				GCC_WARN_UNUSED_FUNCTION = YES;
				GCC_WARN_UNUSED_VARIABLE = YES;
				IPHONEOS_DEPLOYMENT_TARGET = 12.1;
				MTL_ENABLE_DEBUG_INFO = INCLUDE_SOURCE;
				MTL_FAST_MATH = YES;
				ONLY_ACTIVE_ARCH = YES;
				SDKROOT = iphoneos;
				SWIFT_ACTIVE_COMPILATION_CONDITIONS = DEBUG;
				SWIFT_OPTIMIZATION_LEVEL = "-Onone";
			};
			name = Debug;
		};
		EF1FC7082199A78D00A0F24F /* Release */ = {
			isa = XCBuildConfiguration;
			buildSettings = {
				ALWAYS_SEARCH_USER_PATHS = NO;
				CLANG_ANALYZER_NONNULL = YES;
				CLANG_ANALYZER_NUMBER_OBJECT_CONVERSION = YES_AGGRESSIVE;
				CLANG_CXX_LANGUAGE_STANDARD = "gnu++14";
				CLANG_CXX_LIBRARY = "libc++";
				CLANG_ENABLE_MODULES = YES;
				CLANG_ENABLE_OBJC_ARC = YES;
				CLANG_ENABLE_OBJC_WEAK = YES;
				CLANG_WARN_BLOCK_CAPTURE_AUTORELEASING = YES;
				CLANG_WARN_BOOL_CONVERSION = YES;
				CLANG_WARN_COMMA = YES;
				CLANG_WARN_CONSTANT_CONVERSION = YES;
				CLANG_WARN_DEPRECATED_OBJC_IMPLEMENTATIONS = YES;
				CLANG_WARN_DIRECT_OBJC_ISA_USAGE = YES_ERROR;
				CLANG_WARN_DOCUMENTATION_COMMENTS = YES;
				CLANG_WARN_EMPTY_BODY = YES;
				CLANG_WARN_ENUM_CONVERSION = YES;
				CLANG_WARN_INFINITE_RECURSION = YES;
				CLANG_WARN_INT_CONVERSION = YES;
				CLANG_WARN_NON_LITERAL_NULL_CONVERSION = YES;
				CLANG_WARN_OBJC_IMPLICIT_RETAIN_SELF = YES;
				CLANG_WARN_OBJC_LITERAL_CONVERSION = YES;
				CLANG_WARN_OBJC_ROOT_CLASS = YES_ERROR;
				CLANG_WARN_RANGE_LOOP_ANALYSIS = YES;
				CLANG_WARN_STRICT_PROTOTYPES = YES;
				CLANG_WARN_SUSPICIOUS_MOVE = YES;
				CLANG_WARN_UNGUARDED_AVAILABILITY = YES_AGGRESSIVE;
				CLANG_WARN_UNREACHABLE_CODE = YES;
				CLANG_WARN__DUPLICATE_METHOD_MATCH = YES;
				CODE_SIGN_IDENTITY = "iPhone Developer";
				COPY_PHASE_STRIP = NO;
				DEBUG_INFORMATION_FORMAT = "dwarf-with-dsym";
				ENABLE_NS_ASSERTIONS = NO;
				ENABLE_STRICT_OBJC_MSGSEND = YES;
				GCC_C_LANGUAGE_STANDARD = gnu11;
				GCC_NO_COMMON_BLOCKS = YES;
				GCC_WARN_64_TO_32_BIT_CONVERSION = YES;
				GCC_WARN_ABOUT_RETURN_TYPE = YES_ERROR;
				GCC_WARN_UNDECLARED_SELECTOR = YES;
				GCC_WARN_UNINITIALIZED_AUTOS = YES_AGGRESSIVE;
				GCC_WARN_UNUSED_FUNCTION = YES;
				GCC_WARN_UNUSED_VARIABLE = YES;
				IPHONEOS_DEPLOYMENT_TARGET = 12.1;
				MTL_ENABLE_DEBUG_INFO = NO;
				MTL_FAST_MATH = YES;
				SDKROOT = iphoneos;
				SWIFT_COMPILATION_MODE = wholemodule;
				SWIFT_OPTIMIZATION_LEVEL = "-O";
				VALIDATE_PRODUCT = YES;
			};
			name = Release;
		};
		EF1FC70A2199A78D00A0F24F /* Debug */ = {
			isa = XCBuildConfiguration;
			buildSettings = {
				ASSETCATALOG_COMPILER_APPICON_NAME = AppIcon;
				CODE_SIGN_STYLE = Automatic;
				DEVELOPMENT_TEAM = 5CLQV3W6FV;
				INFOPLIST_FILE = ImageDetection/Info.plist;
				LD_RUNPATH_SEARCH_PATHS = (
					"$(inherited)",
					"@executable_path/Frameworks",
				);
				PRODUCT_BUNDLE_IDENTIFIER = net.youngjun.ImageDetection;
				PRODUCT_NAME = "$(TARGET_NAME)";
				SWIFT_VERSION = 4.2;
				TARGETED_DEVICE_FAMILY = "1,2";
			};
			name = Debug;
		};
		EF1FC70B2199A78D00A0F24F /* Release */ = {
			isa = XCBuildConfiguration;
			buildSettings = {
				ASSETCATALOG_COMPILER_APPICON_NAME = AppIcon;
				CODE_SIGN_STYLE = Automatic;
				DEVELOPMENT_TEAM = 5CLQV3W6FV;
				INFOPLIST_FILE = ImageDetection/Info.plist;
				LD_RUNPATH_SEARCH_PATHS = (
					"$(inherited)",
					"@executable_path/Frameworks",
				);
				PRODUCT_BUNDLE_IDENTIFIER = net.youngjun.ImageDetection;
				PRODUCT_NAME = "$(TARGET_NAME)";
				SWIFT_VERSION = 4.2;
				TARGETED_DEVICE_FAMILY = "1,2";
			};
			name = Release;
		};
		EF1FC70D2199A78D00A0F24F /* Debug */ = {
			isa = XCBuildConfiguration;
			buildSettings = {
				ALWAYS_EMBED_SWIFT_STANDARD_LIBRARIES = YES;
				BUNDLE_LOADER = "$(TEST_HOST)";
				CODE_SIGN_STYLE = Automatic;
				DEVELOPMENT_TEAM = 5CLQV3W6FV;
				INFOPLIST_FILE = ImageDetectionTests/Info.plist;
				LD_RUNPATH_SEARCH_PATHS = (
					"$(inherited)",
					"@executable_path/Frameworks",
					"@loader_path/Frameworks",
				);
				PRODUCT_BUNDLE_IDENTIFIER = net.youngjun.ImageDetectionTests;
				PRODUCT_NAME = "$(TARGET_NAME)";
				SWIFT_VERSION = 4.2;
				TARGETED_DEVICE_FAMILY = "1,2";
				TEST_HOST = "$(BUILT_PRODUCTS_DIR)/ImageDetection.app/ImageDetection";
			};
			name = Debug;
		};
		EF1FC70E2199A78D00A0F24F /* Release */ = {
			isa = XCBuildConfiguration;
			buildSettings = {
				ALWAYS_EMBED_SWIFT_STANDARD_LIBRARIES = YES;
				BUNDLE_LOADER = "$(TEST_HOST)";
				CODE_SIGN_STYLE = Automatic;
				DEVELOPMENT_TEAM = 5CLQV3W6FV;
				INFOPLIST_FILE = ImageDetectionTests/Info.plist;
				LD_RUNPATH_SEARCH_PATHS = (
					"$(inherited)",
					"@executable_path/Frameworks",
					"@loader_path/Frameworks",
				);
				PRODUCT_BUNDLE_IDENTIFIER = net.youngjun.ImageDetectionTests;
				PRODUCT_NAME = "$(TARGET_NAME)";
				SWIFT_VERSION = 4.2;
				TARGETED_DEVICE_FAMILY = "1,2";
				TEST_HOST = "$(BUILT_PRODUCTS_DIR)/ImageDetection.app/ImageDetection";
			};
			name = Release;
		};
		EF1FC7102199A78D00A0F24F /* Debug */ = {
			isa = XCBuildConfiguration;
			buildSettings = {
				ALWAYS_EMBED_SWIFT_STANDARD_LIBRARIES = YES;
				CODE_SIGN_STYLE = Automatic;
				DEVELOPMENT_TEAM = 5CLQV3W6FV;
				INFOPLIST_FILE = ImageDetectionUITests/Info.plist;
				LD_RUNPATH_SEARCH_PATHS = (
					"$(inherited)",
					"@executable_path/Frameworks",
					"@loader_path/Frameworks",
				);
				PRODUCT_BUNDLE_IDENTIFIER = net.youngjun.ImageDetectionUITests;
				PRODUCT_NAME = "$(TARGET_NAME)";
				SWIFT_VERSION = 4.2;
				TARGETED_DEVICE_FAMILY = "1,2";
				TEST_TARGET_NAME = ImageDetection;
			};
			name = Debug;
		};
		EF1FC7112199A78D00A0F24F /* Release */ = {
			isa = XCBuildConfiguration;
			buildSettings = {
				ALWAYS_EMBED_SWIFT_STANDARD_LIBRARIES = YES;
				CODE_SIGN_STYLE = Automatic;
				DEVELOPMENT_TEAM = 5CLQV3W6FV;
				INFOPLIST_FILE = ImageDetectionUITests/Info.plist;
				LD_RUNPATH_SEARCH_PATHS = (
					"$(inherited)",
					"@executable_path/Frameworks",
					"@loader_path/Frameworks",
				);
				PRODUCT_BUNDLE_IDENTIFIER = net.youngjun.ImageDetectionUITests;
				PRODUCT_NAME = "$(TARGET_NAME)";
				SWIFT_VERSION = 4.2;
				TARGETED_DEVICE_FAMILY = "1,2";
				TEST_TARGET_NAME = ImageDetection;
			};
			name = Release;
		};
/* End XCBuildConfiguration section */

/* Begin XCConfigurationList section */
		EF1FC6DA2199A78B00A0F24F /* Build configuration list for PBXProject "ImageDetection" */ = {
			isa = XCConfigurationList;
			buildConfigurations = (
				EF1FC7072199A78D00A0F24F /* Debug */,
				EF1FC7082199A78D00A0F24F /* Release */,
			);
			defaultConfigurationIsVisible = 0;
			defaultConfigurationName = Release;
		};
		EF1FC7092199A78D00A0F24F /* Build configuration list for PBXNativeTarget "ImageDetection" */ = {
			isa = XCConfigurationList;
			buildConfigurations = (
				EF1FC70A2199A78D00A0F24F /* Debug */,
				EF1FC70B2199A78D00A0F24F /* Release */,
			);
			defaultConfigurationIsVisible = 0;
			defaultConfigurationName = Release;
		};
		EF1FC70C2199A78D00A0F24F /* Build configuration list for PBXNativeTarget "ImageDetectionTests" */ = {
			isa = XCConfigurationList;
			buildConfigurations = (
				EF1FC70D2199A78D00A0F24F /* Debug */,
				EF1FC70E2199A78D00A0F24F /* Release */,
			);
			defaultConfigurationIsVisible = 0;
			defaultConfigurationName = Release;
		};
		EF1FC70F2199A78D00A0F24F /* Build configuration list for PBXNativeTarget "ImageDetectionUITests" */ = {
			isa = XCConfigurationList;
			buildConfigurations = (
				EF1FC7102199A78D00A0F24F /* Debug */,
				EF1FC7112199A78D00A0F24F /* Release */,
			);
			defaultConfigurationIsVisible = 0;
			defaultConfigurationName = Release;
		};
/* End XCConfigurationList section */
	};
	rootObject = EF1FC6D72199A78B00A0F24F /* Project object */;
}
