// !$*UTF8*$!
{
	archiveVersion = 1;
	classes = {
	};
	objectVersion = 50;
	objects = {

/* Begin PBXBuildFile section */
		EF1FC71F2199DF5400A0F24F /* AppDelegate.swift in Sources */ = {isa = PBXBuildFile; fileRef = EF1FC71E2199DF5400A0F24F /* AppDelegate.swift */; };
		EF1FC7212199DF5400A0F24F /* art.scnassets in Resources */ = {isa = PBXBuildFile; fileRef = EF1FC7202199DF5400A0F24F /* art.scnassets */; };
		EF1FC7232199DF5400A0F24F /* ViewController.swift in Sources */ = {isa = PBXBuildFile; fileRef = EF1FC7222199DF5400A0F24F /* ViewController.swift */; };
		EF1FC7262199DF5400A0F24F /* Main.storyboard in Resources */ = {isa = PBXBuildFile; fileRef = EF1FC7242199DF5400A0F24F /* Main.storyboard */; };
		EF1FC7282199DF5500A0F24F /* Assets.xcassets in Resources */ = {isa = PBXBuildFile; fileRef = EF1FC7272199DF5500A0F24F /* Assets.xcassets */; };
		EF1FC72B2199DF5500A0F24F /* LaunchScreen.storyboard in Resources */ = {isa = PBXBuildFile; fileRef = EF1FC7292199DF5500A0F24F /* LaunchScreen.storyboard */; };
		EF1FC7362199DF5500A0F24F /* measureTests.swift in Sources */ = {isa = PBXBuildFile; fileRef = EF1FC7352199DF5500A0F24F /* measureTests.swift */; };
		EF1FC7412199DF5500A0F24F /* measureUITests.swift in Sources */ = {isa = PBXBuildFile; fileRef = EF1FC7402199DF5500A0F24F /* measureUITests.swift */; };
/* End PBXBuildFile section */

/* Begin PBXContainerItemProxy section */
		EF1FC7322199DF5500A0F24F /* PBXContainerItemProxy */ = {
			isa = PBXContainerItemProxy;
			containerPortal = EF1FC7132199DF5400A0F24F /* Project object */;
			proxyType = 1;
			remoteGlobalIDString = EF1FC71A2199DF5400A0F24F;
			remoteInfo = measure;
		};
		EF1FC73D2199DF5500A0F24F /* PBXContainerItemProxy */ = {
			isa = PBXContainerItemProxy;
			containerPortal = EF1FC7132199DF5400A0F24F /* Project object */;
			proxyType = 1;
			remoteGlobalIDString = EF1FC71A2199DF5400A0F24F;
			remoteInfo = measure;
		};
/* End PBXContainerItemProxy section */

/* Begin PBXFileReference section */
		EF1FC71B2199DF5400A0F24F /* measure.app */ = {isa = PBXFileReference; explicitFileType = wrapper.application; includeInIndex = 0; path = measure.app; sourceTree = BUILT_PRODUCTS_DIR; };
		EF1FC71E2199DF5400A0F24F /* AppDelegate.swift */ = {isa = PBXFileReference; lastKnownFileType = sourcecode.swift; path = AppDelegate.swift; sourceTree = "<group>"; };
		EF1FC7202199DF5400A0F24F /* art.scnassets */ = {isa = PBXFileReference; lastKnownFileType = wrapper.scnassets; path = art.scnassets; sourceTree = "<group>"; };
		EF1FC7222199DF5400A0F24F /* ViewController.swift */ = {isa = PBXFileReference; lastKnownFileType = sourcecode.swift; path = ViewController.swift; sourceTree = "<group>"; };
		EF1FC7252199DF5400A0F24F /* Base */ = {isa = PBXFileReference; lastKnownFileType = file.storyboard; name = Base; path = Base.lproj/Main.storyboard; sourceTree = "<group>"; };
		EF1FC7272199DF5500A0F24F /* Assets.xcassets */ = {isa = PBXFileReference; lastKnownFileType = folder.assetcatalog; path = Assets.xcassets; sourceTree = "<group>"; };
		EF1FC72A2199DF5500A0F24F /* Base */ = {isa = PBXFileReference; lastKnownFileType = file.storyboard; name = Base; path = Base.lproj/LaunchScreen.storyboard; sourceTree = "<group>"; };
		EF1FC72C2199DF5500A0F24F /* Info.plist */ = {isa = PBXFileReference; lastKnownFileType = text.plist.xml; path = Info.plist; sourceTree = "<group>"; };
		EF1FC7312199DF5500A0F24F /* measureTests.xctest */ = {isa = PBXFileReference; explicitFileType = wrapper.cfbundle; includeInIndex = 0; path = measureTests.xctest; sourceTree = BUILT_PRODUCTS_DIR; };
		EF1FC7352199DF5500A0F24F /* measureTests.swift */ = {isa = PBXFileReference; lastKnownFileType = sourcecode.swift; path = measureTests.swift; sourceTree = "<group>"; };
		EF1FC7372199DF5500A0F24F /* Info.plist */ = {isa = PBXFileReference; lastKnownFileType = text.plist.xml; path = Info.plist; sourceTree = "<group>"; };
		EF1FC73C2199DF5500A0F24F /* measureUITests.xctest */ = {isa = PBXFileReference; explicitFileType = wrapper.cfbundle; includeInIndex = 0; path = measureUITests.xctest; sourceTree = BUILT_PRODUCTS_DIR; };
		EF1FC7402199DF5500A0F24F /* measureUITests.swift */ = {isa = PBXFileReference; lastKnownFileType = sourcecode.swift; path = measureUITests.swift; sourceTree = "<group>"; };
		EF1FC7422199DF5500A0F24F /* Info.plist */ = {isa = PBXFileReference; lastKnownFileType = text.plist.xml; path = Info.plist; sourceTree = "<group>"; };
/* End PBXFileReference section */

/* Begin PBXFrameworksBuildPhase section */
		EF1FC7182199DF5400A0F24F /* Frameworks */ = {
			isa = PBXFrameworksBuildPhase;
			buildActionMask = 2147483647;
			files = (
			);
			runOnlyForDeploymentPostprocessing = 0;
		};
		EF1FC72E2199DF5500A0F24F /* Frameworks */ = {
			isa = PBXFrameworksBuildPhase;
			buildActionMask = 2147483647;
			files = (
			);
			runOnlyForDeploymentPostprocessing = 0;
		};
		EF1FC7392199DF5500A0F24F /* Frameworks */ = {
			isa = PBXFrameworksBuildPhase;
			buildActionMask = 2147483647;
			files = (
			);
			runOnlyForDeploymentPostprocessing = 0;
		};
/* End PBXFrameworksBuildPhase section */

/* Begin PBXGroup section */
		EF1FC7122199DF5400A0F24F = {
			isa = PBXGroup;
			children = (
				EF1FC71D2199DF5400A0F24F /* measure */,
				EF1FC7342199DF5500A0F24F /* measureTests */,
				EF1FC73F2199DF5500A0F24F /* measureUITests */,
				EF1FC71C2199DF5400A0F24F /* Products */,
			);
			sourceTree = "<group>";
		};
		EF1FC71C2199DF5400A0F24F /* Products */ = {
			isa = PBXGroup;
			children = (
				EF1FC71B2199DF5400A0F24F /* measure.app */,
				EF1FC7312199DF5500A0F24F /* measureTests.xctest */,
				EF1FC73C2199DF5500A0F24F /* measureUITests.xctest */,
			);
			name = Products;
			sourceTree = "<group>";
		};
		EF1FC71D2199DF5400A0F24F /* measure */ = {
			isa = PBXGroup;
			children = (
				EF1FC71E2199DF5400A0F24F /* AppDelegate.swift */,
				EF1FC7202199DF5400A0F24F /* art.scnassets */,
				EF1FC7222199DF5400A0F24F /* ViewController.swift */,
				EF1FC7242199DF5400A0F24F /* Main.storyboard */,
				EF1FC7272199DF5500A0F24F /* Assets.xcassets */,
				EF1FC7292199DF5500A0F24F /* LaunchScreen.storyboard */,
				EF1FC72C2199DF5500A0F24F /* Info.plist */,
			);
			path = measure;
			sourceTree = "<group>";
		};
		EF1FC7342199DF5500A0F24F /* measureTests */ = {
			isa = PBXGroup;
			children = (
				EF1FC7352199DF5500A0F24F /* measureTests.swift */,
				EF1FC7372199DF5500A0F24F /* Info.plist */,
			);
			path = measureTests;
			sourceTree = "<group>";
		};
		EF1FC73F2199DF5500A0F24F /* measureUITests */ = {
			isa = PBXGroup;
			children = (
				EF1FC7402199DF5500A0F24F /* measureUITests.swift */,
				EF1FC7422199DF5500A0F24F /* Info.plist */,
			);
			path = measureUITests;
			sourceTree = "<group>";
		};
/* End PBXGroup section */

/* Begin PBXNativeTarget section */
		EF1FC71A2199DF5400A0F24F /* measure */ = {
			isa = PBXNativeTarget;
			buildConfigurationList = EF1FC7452199DF5500A0F24F /* Build configuration list for PBXNativeTarget "measure" */;
			buildPhases = (
				EF1FC7172199DF5400A0F24F /* Sources */,
				EF1FC7182199DF5400A0F24F /* Frameworks */,
				EF1FC7192199DF5400A0F24F /* Resources */,
			);
			buildRules = (
			);
			dependencies = (
			);
			name = measure;
			productName = measure;
			productReference = EF1FC71B2199DF5400A0F24F /* measure.app */;
			productType = "com.apple.product-type.application";
		};
		EF1FC7302199DF5500A0F24F /* measureTests */ = {
			isa = PBXNativeTarget;
			buildConfigurationList = EF1FC7482199DF5500A0F24F /* Build configuration list for PBXNativeTarget "measureTests" */;
			buildPhases = (
				EF1FC72D2199DF5500A0F24F /* Sources */,
				EF1FC72E2199DF5500A0F24F /* Frameworks */,
				EF1FC72F2199DF5500A0F24F /* Resources */,
			);
			buildRules = (
			);
			dependencies = (
				EF1FC7332199DF5500A0F24F /* PBXTargetDependency */,
			);
			name = measureTests;
			productName = measureTests;
			productReference = EF1FC7312199DF5500A0F24F /* measureTests.xctest */;
			productType = "com.apple.product-type.bundle.unit-test";
		};
		EF1FC73B2199DF5500A0F24F /* measureUITests */ = {
			isa = PBXNativeTarget;
			buildConfigurationList = EF1FC74B2199DF5500A0F24F /* Build configuration list for PBXNativeTarget "measureUITests" */;
			buildPhases = (
				EF1FC7382199DF5500A0F24F /* Sources */,
				EF1FC7392199DF5500A0F24F /* Frameworks */,
				EF1FC73A2199DF5500A0F24F /* Resources */,
			);
			buildRules = (
			);
			dependencies = (
				EF1FC73E2199DF5500A0F24F /* PBXTargetDependency */,
			);
			name = measureUITests;
			productName = measureUITests;
			productReference = EF1FC73C2199DF5500A0F24F /* measureUITests.xctest */;
			productType = "com.apple.product-type.bundle.ui-testing";
		};
/* End PBXNativeTarget section */

/* Begin PBXProject section */
		EF1FC7132199DF5400A0F24F /* Project object */ = {
			isa = PBXProject;
			attributes = {
				LastSwiftUpdateCheck = 1010;
				LastUpgradeCheck = 1010;
				ORGANIZATIONNAME = "youngjun goo";
				TargetAttributes = {
					EF1FC71A2199DF5400A0F24F = {
						CreatedOnToolsVersion = 10.1;
					};
					EF1FC7302199DF5500A0F24F = {
						CreatedOnToolsVersion = 10.1;
						TestTargetID = EF1FC71A2199DF5400A0F24F;
					};
					EF1FC73B2199DF5500A0F24F = {
						CreatedOnToolsVersion = 10.1;
						TestTargetID = EF1FC71A2199DF5400A0F24F;
					};
				};
			};
			buildConfigurationList = EF1FC7162199DF5400A0F24F /* Build configuration list for PBXProject "measure" */;
			compatibilityVersion = "Xcode 9.3";
			developmentRegion = en;
			hasScannedForEncodings = 0;
			knownRegions = (
				en,
				Base,
			);
			mainGroup = EF1FC7122199DF5400A0F24F;
			productRefGroup = EF1FC71C2199DF5400A0F24F /* Products */;
			projectDirPath = "";
			projectRoot = "";
			targets = (
				EF1FC71A2199DF5400A0F24F /* measure */,
				EF1FC7302199DF5500A0F24F /* measureTests */,
				EF1FC73B2199DF5500A0F24F /* measureUITests */,
			);
		};
/* End PBXProject section */

/* Begin PBXResourcesBuildPhase section */
		EF1FC7192199DF5400A0F24F /* Resources */ = {
			isa = PBXResourcesBuildPhase;
			buildActionMask = 2147483647;
			files = (
				EF1FC7212199DF5400A0F24F /* art.scnassets in Resources */,
				EF1FC72B2199DF5500A0F24F /* LaunchScreen.storyboard in Resources */,
				EF1FC7282199DF5500A0F24F /* Assets.xcassets in Resources */,
				EF1FC7262199DF5400A0F24F /* Main.storyboard in Resources */,
			);
			runOnlyForDeploymentPostprocessing = 0;
		};
		EF1FC72F2199DF5500A0F24F /* Resources */ = {
			isa = PBXResourcesBuildPhase;
			buildActionMask = 2147483647;
			files = (
			);
			runOnlyForDeploymentPostprocessing = 0;
		};
		EF1FC73A2199DF5500A0F24F /* Resources */ = {
			isa = PBXResourcesBuildPhase;
			buildActionMask = 2147483647;
			files = (
			);
			runOnlyForDeploymentPostprocessing = 0;
		};
/* End PBXResourcesBuildPhase section */

/* Begin PBXSourcesBuildPhase section */
		EF1FC7172199DF5400A0F24F /* Sources */ = {
			isa = PBXSourcesBuildPhase;
			buildActionMask = 2147483647;
			files = (
				EF1FC7232199DF5400A0F24F /* ViewController.swift in Sources */,
				EF1FC71F2199DF5400A0F24F /* AppDelegate.swift in Sources */,
			);
			runOnlyForDeploymentPostprocessing = 0;
		};
		EF1FC72D2199DF5500A0F24F /* Sources */ = {
			isa = PBXSourcesBuildPhase;
			buildActionMask = 2147483647;
			files = (
				EF1FC7362199DF5500A0F24F /* measureTests.swift in Sources */,
			);
			runOnlyForDeploymentPostprocessing = 0;
		};
		EF1FC7382199DF5500A0F24F /* Sources */ = {
			isa = PBXSourcesBuildPhase;
			buildActionMask = 2147483647;
			files = (
				EF1FC7412199DF5500A0F24F /* measureUITests.swift in Sources */,
			);
			runOnlyForDeploymentPostprocessing = 0;
		};
/* End PBXSourcesBuildPhase section */

/* Begin PBXTargetDependency section */
		EF1FC7332199DF5500A0F24F /* PBXTargetDependency */ = {
			isa = PBXTargetDependency;
			target = EF1FC71A2199DF5400A0F24F /* measure */;
			targetProxy = EF1FC7322199DF5500A0F24F /* PBXContainerItemProxy */;
		};
		EF1FC73E2199DF5500A0F24F /* PBXTargetDependency */ = {
			isa = PBXTargetDependency;
			target = EF1FC71A2199DF5400A0F24F /* measure */;
			targetProxy = EF1FC73D2199DF5500A0F24F /* PBXContainerItemProxy */;
		};
/* End PBXTargetDependency section */

/* Begin PBXVariantGroup section */
		EF1FC7242199DF5400A0F24F /* Main.storyboard */ = {
			isa = PBXVariantGroup;
			children = (
				EF1FC7252199DF5400A0F24F /* Base */,
			);
			name = Main.storyboard;
			sourceTree = "<group>";
		};
		EF1FC7292199DF5500A0F24F /* LaunchScreen.storyboard */ = {
			isa = PBXVariantGroup;
			children = (
				EF1FC72A2199DF5500A0F24F /* Base */,
			);
			name = LaunchScreen.storyboard;
			sourceTree = "<group>";
		};
/* End PBXVariantGroup section */

/* Begin XCBuildConfiguration section */
		EF1FC7432199DF5500A0F24F /* Debug */ = {
			isa = XCBuildConfiguration;
			buildSettings = {
				ALWAYS_SEARCH_USER_PATHS = NO;
				CLANG_ANALYZER_NONNULL = YES;
				CLANG_ANALYZER_NUMBER_OBJECT_CONVERSION = YES_AGGRESSIVE;
				CLANG_CXX_LANGUAGE_STANDARD = "gnu++14";
				CLANG_CXX_LIBRARY = "libc++";
				CLANG_ENABLE_MODULES = YES;
				CLANG_ENABLE_OBJC_ARC = YES;
				CLANG_ENABLE_OBJC_WEAK = YES;
				CLANG_WARN_BLOCK_CAPTURE_AUTORELEASING = YES;
				CLANG_WARN_BOOL_CONVERSION = YES;
				CLANG_WARN_COMMA = YES;
				CLANG_WARN_CONSTANT_CONVERSION = YES;
				CLANG_WARN_DEPRECATED_OBJC_IMPLEMENTATIONS = YES;
				CLANG_WARN_DIRECT_OBJC_ISA_USAGE = YES_ERROR;
				CLANG_WARN_DOCUMENTATION_COMMENTS = YES;
				CLANG_WARN_EMPTY_BODY = YES;
				CLANG_WARN_ENUM_CONVERSION = YES;
				CLANG_WARN_INFINITE_RECURSION = YES;
				CLANG_WARN_INT_CONVERSION = YES;
				CLANG_WARN_NON_LITERAL_NULL_CONVERSION = YES;
				CLANG_WARN_OBJC_IMPLICIT_RETAIN_SELF = YES;
				CLANG_WARN_OBJC_LITERAL_CONVERSION = YES;
				CLANG_WARN_OBJC_ROOT_CLASS = YES_ERROR;
				CLANG_WARN_RANGE_LOOP_ANALYSIS = YES;
				CLANG_WARN_STRICT_PROTOTYPES = YES;
				CLANG_WARN_SUSPICIOUS_MOVE = YES;
				CLANG_WARN_UNGUARDED_AVAILABILITY = YES_AGGRESSIVE;
				CLANG_WARN_UNREACHABLE_CODE = YES;
				CLANG_WARN__DUPLICATE_METHOD_MATCH = YES;
				CODE_SIGN_IDENTITY = "iPhone Developer";
				COPY_PHASE_STRIP = NO;
				DEBUG_INFORMATION_FORMAT = dwarf;
				ENABLE_STRICT_OBJC_MSGSEND = YES;
				ENABLE_TESTABILITY = YES;
				GCC_C_LANGUAGE_STANDARD = gnu11;
				GCC_DYNAMIC_NO_PIC = NO;
				GCC_NO_COMMON_BLOCKS = YES;
				GCC_OPTIMIZATION_LEVEL = 0;
				GCC_PREPROCESSOR_DEFINITIONS = (
					"DEBUG=1",
					"$(inherited)",
				);
				GCC_WARN_64_TO_32_BIT_CONVERSION = YES;
				GCC_WARN_ABOUT_RETURN_TYPE = YES_ERROR;
				GCC_WARN_UNDECLARED_SELECTOR = YES;
				GCC_WARN_UNINITIALIZED_AUTOS = YES_AGGRESSIVE;
				GCC_WARN_UNUSED_FUNCTION = YES;
				GCC_WARN_UNUSED_VARIABLE = YES;
				IPHONEOS_DEPLOYMENT_TARGET = 12.1;
				MTL_ENABLE_DEBUG_INFO = INCLUDE_SOURCE;
				MTL_FAST_MATH = YES;
				ONLY_ACTIVE_ARCH = YES;
				SDKROOT = iphoneos;
				SWIFT_ACTIVE_COMPILATION_CONDITIONS = DEBUG;
				SWIFT_OPTIMIZATION_LEVEL = "-Onone";
			};
			name = Debug;
		};
		EF1FC7442199DF5500A0F24F /* Release */ = {
			isa = XCBuildConfiguration;
			buildSettings = {
				ALWAYS_SEARCH_USER_PATHS = NO;
				CLANG_ANALYZER_NONNULL = YES;
				CLANG_ANALYZER_NUMBER_OBJECT_CONVERSION = YES_AGGRESSIVE;
				CLANG_CXX_LANGUAGE_STANDARD = "gnu++14";
				CLANG_CXX_LIBRARY = "libc++";
				CLANG_ENABLE_MODULES = YES;
				CLANG_ENABLE_OBJC_ARC = YES;
				CLANG_ENABLE_OBJC_WEAK = YES;
				CLANG_WARN_BLOCK_CAPTURE_AUTORELEASING = YES;
				CLANG_WARN_BOOL_CONVERSION = YES;
				CLANG_WARN_COMMA = YES;
				CLANG_WARN_CONSTANT_CONVERSION = YES;
				CLANG_WARN_DEPRECATED_OBJC_IMPLEMENTATIONS = YES;
				CLANG_WARN_DIRECT_OBJC_ISA_USAGE = YES_ERROR;
				CLANG_WARN_DOCUMENTATION_COMMENTS = YES;
				CLANG_WARN_EMPTY_BODY = YES;
				CLANG_WARN_ENUM_CONVERSION = YES;
				CLANG_WARN_INFINITE_RECURSION = YES;
				CLANG_WARN_INT_CONVERSION = YES;
				CLANG_WARN_NON_LITERAL_NULL_CONVERSION = YES;
				CLANG_WARN_OBJC_IMPLICIT_RETAIN_SELF = YES;
				CLANG_WARN_OBJC_LITERAL_CONVERSION = YES;
				CLANG_WARN_OBJC_ROOT_CLASS = YES_ERROR;
				CLANG_WARN_RANGE_LOOP_ANALYSIS = YES;
				CLANG_WARN_STRICT_PROTOTYPES = YES;
				CLANG_WARN_SUSPICIOUS_MOVE = YES;
				CLANG_WARN_UNGUARDED_AVAILABILITY = YES_AGGRESSIVE;
				CLANG_WARN_UNREACHABLE_CODE = YES;
				CLANG_WARN__DUPLICATE_METHOD_MATCH = YES;
				CODE_SIGN_IDENTITY = "iPhone Developer";
				COPY_PHASE_STRIP = NO;
				DEBUG_INFORMATION_FORMAT = "dwarf-with-dsym";
				ENABLE_NS_ASSERTIONS = NO;
				ENABLE_STRICT_OBJC_MSGSEND = YES;
				GCC_C_LANGUAGE_STANDARD = gnu11;
				GCC_NO_COMMON_BLOCKS = YES;
				GCC_WARN_64_TO_32_BIT_CONVERSION = YES;
				GCC_WARN_ABOUT_RETURN_TYPE = YES_ERROR;
				GCC_WARN_UNDECLARED_SELECTOR = YES;
				GCC_WARN_UNINITIALIZED_AUTOS = YES_AGGRESSIVE;
				GCC_WARN_UNUSED_FUNCTION = YES;
				GCC_WARN_UNUSED_VARIABLE = YES;
				IPHONEOS_DEPLOYMENT_TARGET = 12.1;
				MTL_ENABLE_DEBUG_INFO = NO;
				MTL_FAST_MATH = YES;
				SDKROOT = iphoneos;
				SWIFT_COMPILATION_MODE = wholemodule;
				SWIFT_OPTIMIZATION_LEVEL = "-O";
				VALIDATE_PRODUCT = YES;
			};
			name = Release;
		};
		EF1FC7462199DF5500A0F24F /* Debug */ = {
			isa = XCBuildConfiguration;
			buildSettings = {
				ASSETCATALOG_COMPILER_APPICON_NAME = AppIcon;
				CODE_SIGN_STYLE = Automatic;
				DEVELOPMENT_TEAM = 5CLQV3W6FV;
				INFOPLIST_FILE = measure/Info.plist;
				LD_RUNPATH_SEARCH_PATHS = (
					"$(inherited)",
					"@executable_path/Frameworks",
				);
				PRODUCT_BUNDLE_IDENTIFIER = net.youngjun.measure;
				PRODUCT_NAME = "$(TARGET_NAME)";
				SWIFT_VERSION = 4.2;
				TARGETED_DEVICE_FAMILY = "1,2";
			};
			name = Debug;
		};
		EF1FC7472199DF5500A0F24F /* Release */ = {
			isa = XCBuildConfiguration;
			buildSettings = {
				ASSETCATALOG_COMPILER_APPICON_NAME = AppIcon;
				CODE_SIGN_STYLE = Automatic;
				DEVELOPMENT_TEAM = 5CLQV3W6FV;
				INFOPLIST_FILE = measure/Info.plist;
				LD_RUNPATH_SEARCH_PATHS = (
					"$(inherited)",
					"@executable_path/Frameworks",
				);
				PRODUCT_BUNDLE_IDENTIFIER = net.youngjun.measure;
				PRODUCT_NAME = "$(TARGET_NAME)";
				SWIFT_VERSION = 4.2;
				TARGETED_DEVICE_FAMILY = "1,2";
			};
			name = Release;
		};
		EF1FC7492199DF5500A0F24F /* Debug */ = {
			isa = XCBuildConfiguration;
			buildSettings = {
				ALWAYS_EMBED_SWIFT_STANDARD_LIBRARIES = YES;
				BUNDLE_LOADER = "$(TEST_HOST)";
				CODE_SIGN_STYLE = Automatic;
				DEVELOPMENT_TEAM = 5CLQV3W6FV;
				INFOPLIST_FILE = measureTests/Info.plist;
				LD_RUNPATH_SEARCH_PATHS = (
					"$(inherited)",
					"@executable_path/Frameworks",
					"@loader_path/Frameworks",
				);
				PRODUCT_BUNDLE_IDENTIFIER = net.youngjun.measureTests;
				PRODUCT_NAME = "$(TARGET_NAME)";
				SWIFT_VERSION = 4.2;
				TARGETED_DEVICE_FAMILY = "1,2";
				TEST_HOST = "$(BUILT_PRODUCTS_DIR)/measure.app/measure";
			};
			name = Debug;
		};
		EF1FC74A2199DF5500A0F24F /* Release */ = {
			isa = XCBuildConfiguration;
			buildSettings = {
				ALWAYS_EMBED_SWIFT_STANDARD_LIBRARIES = YES;
				BUNDLE_LOADER = "$(TEST_HOST)";
				CODE_SIGN_STYLE = Automatic;
				DEVELOPMENT_TEAM = 5CLQV3W6FV;
				INFOPLIST_FILE = measureTests/Info.plist;
				LD_RUNPATH_SEARCH_PATHS = (
					"$(inherited)",
					"@executable_path/Frameworks",
					"@loader_path/Frameworks",
				);
				PRODUCT_BUNDLE_IDENTIFIER = net.youngjun.measureTests;
				PRODUCT_NAME = "$(TARGET_NAME)";
				SWIFT_VERSION = 4.2;
				TARGETED_DEVICE_FAMILY = "1,2";
				TEST_HOST = "$(BUILT_PRODUCTS_DIR)/measure.app/measure";
			};
			name = Release;
		};
		EF1FC74C2199DF5500A0F24F /* Debug */ = {
			isa = XCBuildConfiguration;
			buildSettings = {
				ALWAYS_EMBED_SWIFT_STANDARD_LIBRARIES = YES;
				CODE_SIGN_STYLE = Automatic;
				DEVELOPMENT_TEAM = 5CLQV3W6FV;
				INFOPLIST_FILE = measureUITests/Info.plist;
				LD_RUNPATH_SEARCH_PATHS = (
					"$(inherited)",
					"@executable_path/Frameworks",
					"@loader_path/Frameworks",
				);
				PRODUCT_BUNDLE_IDENTIFIER = net.youngjun.measureUITests;
				PRODUCT_NAME = "$(TARGET_NAME)";
				SWIFT_VERSION = 4.2;
				TARGETED_DEVICE_FAMILY = "1,2";
				TEST_TARGET_NAME = measure;
			};
			name = Debug;
		};
		EF1FC74D2199DF5500A0F24F /* Release */ = {
			isa = XCBuildConfiguration;
			buildSettings = {
				ALWAYS_EMBED_SWIFT_STANDARD_LIBRARIES = YES;
				CODE_SIGN_STYLE = Automatic;
				DEVELOPMENT_TEAM = 5CLQV3W6FV;
				INFOPLIST_FILE = measureUITests/Info.plist;
				LD_RUNPATH_SEARCH_PATHS = (
					"$(inherited)",
					"@executable_path/Frameworks",
					"@loader_path/Frameworks",
				);
				PRODUCT_BUNDLE_IDENTIFIER = net.youngjun.measureUITests;
				PRODUCT_NAME = "$(TARGET_NAME)";
				SWIFT_VERSION = 4.2;
				TARGETED_DEVICE_FAMILY = "1,2";
				TEST_TARGET_NAME = measure;
			};
			name = Release;
		};
/* End XCBuildConfiguration section */

/* Begin XCConfigurationList section */
		EF1FC7162199DF5400A0F24F /* Build configuration list for PBXProject "measure" */ = {
			isa = XCConfigurationList;
			buildConfigurations = (
				EF1FC7432199DF5500A0F24F /* Debug */,
				EF1FC7442199DF5500A0F24F /* Release */,
			);
			defaultConfigurationIsVisible = 0;
			defaultConfigurationName = Release;
		};
		EF1FC7452199DF5500A0F24F /* Build configuration list for PBXNativeTarget "measure" */ = {
			isa = XCConfigurationList;
			buildConfigurations = (
				EF1FC7462199DF5500A0F24F /* Debug */,
				EF1FC7472199DF5500A0F24F /* Release */,
			);
			defaultConfigurationIsVisible = 0;
			defaultConfigurationName = Release;
		};
		EF1FC7482199DF5500A0F24F /* Build configuration list for PBXNativeTarget "measureTests" */ = {
			isa = XCConfigurationList;
			buildConfigurations = (
				EF1FC7492199DF5500A0F24F /* Debug */,
				EF1FC74A2199DF5500A0F24F /* Release */,
			);
			defaultConfigurationIsVisible = 0;
			defaultConfigurationName = Release;
		};
		EF1FC74B2199DF5500A0F24F /* Build configuration list for PBXNativeTarget "measureUITests" */ = {
			isa = XCConfigurationList;
			buildConfigurations = (
				EF1FC74C2199DF5500A0F24F /* Debug */,
				EF1FC74D2199DF5500A0F24F /* Release */,
			);
			defaultConfigurationIsVisible = 0;
			defaultConfigurationName = Release;
		};
/* End XCConfigurationList section */
	};
	rootObject = EF1FC7132199DF5400A0F24F /* Project object */;
}
